// !$*UTF8*$!
{
	archiveVersion = 1;
	classes = {
	};
	objectVersion = 50;
	objects = {

/* Begin PBXBuildFile section */
		B25147E720D4DA560055A343 /* AppDelegate.m in Sources */ = {isa = PBXBuildFile; fileRef = B25147E620D4DA560055A343 /* AppDelegate.m */; };
		B25147EA20D4DA560055A343 /* ViewController.m in Sources */ = {isa = PBXBuildFile; fileRef = B25147E920D4DA560055A343 /* ViewController.m */; };
		B25147ED20D4DA560055A343 /* Main.storyboard in Resources */ = {isa = PBXBuildFile; fileRef = B25147EB20D4DA560055A343 /* Main.storyboard */; };
		B25147EF20D4DA570055A343 /* Assets.xcassets in Resources */ = {isa = PBXBuildFile; fileRef = B25147EE20D4DA570055A343 /* Assets.xcassets */; };
		B25147F220D4DA570055A343 /* LaunchScreen.storyboard in Resources */ = {isa = PBXBuildFile; fileRef = B25147F020D4DA570055A343 /* LaunchScreen.storyboard */; };
		B25147F520D4DA570055A343 /* main.m in Sources */ = {isa = PBXBuildFile; fileRef = B25147F420D4DA570055A343 /* main.m */; };
		B25147FD20D4EFE70055A343 /* NewViewController.m in Sources */ = {isa = PBXBuildFile; fileRef = B25147FC20D4EFE70055A343 /* NewViewController.m */; };
/* End PBXBuildFile section */

/* Begin PBXFileReference section */
		B25147E220D4DA560055A343 /* UIViewController.app */ = {isa = PBXFileReference; explicitFileType = wrapper.application; includeInIndex = 0; path = UIViewController.app; sourceTree = BUILT_PRODUCTS_DIR; };
		B25147E520D4DA560055A343 /* AppDelegate.h */ = {isa = PBXFileReference; lastKnownFileType = sourcecode.c.h; path = AppDelegate.h; sourceTree = "<group>"; };
		B25147E620D4DA560055A343 /* AppDelegate.m */ = {isa = PBXFileReference; lastKnownFileType = sourcecode.c.objc; path = AppDelegate.m; sourceTree = "<group>"; };
		B25147E820D4DA560055A343 /* ViewController.h */ = {isa = PBXFileReference; lastKnownFileType = sourcecode.c.h; path = ViewController.h; sourceTree = "<group>"; };
		B25147E920D4DA560055A343 /* ViewController.m */ = {isa = PBXFileReference; lastKnownFileType = sourcecode.c.objc; path = ViewController.m; sourceTree = "<group>"; };
		B25147EC20D4DA560055A343 /* Base */ = {isa = PBXFileReference; lastKnownFileType = file.storyboard; name = Base; path = Base.lproj/Main.storyboard; sourceTree = "<group>"; };
		B25147EE20D4DA570055A343 /* Assets.xcassets */ = {isa = PBXFileReference; lastKnownFileType = folder.assetcatalog; path = Assets.xcassets; sourceTree = "<group>"; };
		B25147F120D4DA570055A343 /* Base */ = {isa = PBXFileReference; lastKnownFileType = file.storyboard; name = Base; path = Base.lproj/LaunchScreen.storyboard; sourceTree = "<group>"; };
		B25147F320D4DA570055A343 /* Info.plist */ = {isa = PBXFileReference; lastKnownFileType = text.plist.xml; path = Info.plist; sourceTree = "<group>"; };
		B25147F420D4DA570055A343 /* main.m */ = {isa = PBXFileReference; lastKnownFileType = sourcecode.c.objc; path = main.m; sourceTree = "<group>"; };
		B25147FB20D4EFE70055A343 /* NewViewController.h */ = {isa = PBXFileReference; lastKnownFileType = sourcecode.c.h; path = NewViewController.h; sourceTree = "<group>"; };
		B25147FC20D4EFE70055A343 /* NewViewController.m */ = {isa = PBXFileReference; lastKnownFileType = sourcecode.c.objc; path = NewViewController.m; sourceTree = "<group>"; };
/* End PBXFileReference section */

/* Begin PBXFrameworksBuildPhase section */
		B25147DF20D4DA560055A343 /* Frameworks */ = {
			isa = PBXFrameworksBuildPhase;
			buildActionMask = 2147483647;
			files = (
			);
			runOnlyForDeploymentPostprocessing = 0;
		};
/* End PBXFrameworksBuildPhase section */

/* Begin PBXGroup section */
		B25147D920D4DA560055A343 = {
			isa = PBXGroup;
			children = (
				B25147E420D4DA560055A343 /* UIViewController */,
				B25147E320D4DA560055A343 /* Products */,
			);
			sourceTree = "<group>";
		};
		B25147E320D4DA560055A343 /* Products */ = {
			isa = PBXGroup;
			children = (
				B25147E220D4DA560055A343 /* UIViewController.app */,
			);
			name = Products;
			sourceTree = "<group>";
		};
		B25147E420D4DA560055A343 /* UIViewController */ = {
			isa = PBXGroup;
			children = (
				B25147E520D4DA560055A343 /* AppDelegate.h */,
				B25147E620D4DA560055A343 /* AppDelegate.m */,
				B25147E820D4DA560055A343 /* ViewController.h */,
				B25147E920D4DA560055A343 /* ViewController.m */,
				B25147EB20D4DA560055A343 /* Main.storyboard */,
				B25147EE20D4DA570055A343 /* Assets.xcassets */,
				B25147F020D4DA570055A343 /* LaunchScreen.storyboard */,
				B25147F320D4DA570055A343 /* Info.plist */,
				B25147F420D4DA570055A343 /* main.m */,
				B25147FB20D4EFE70055A343 /* NewViewController.h */,
				B25147FC20D4EFE70055A343 /* NewViewController.m */,
			);
			path = UIViewController;
			sourceTree = "<group>";
		};
/* End PBXGroup section */

/* Begin PBXNativeTarget section */
		B25147E120D4DA560055A343 /* UIViewController */ = {
			isa = PBXNativeTarget;
			buildConfigurationList = B25147F820D4DA570055A343 /* Build configuration list for PBXNativeTarget "UIViewController" */;
			buildPhases = (
				B25147DE20D4DA560055A343 /* Sources */,
				B25147DF20D4DA560055A343 /* Frameworks */,
				B25147E020D4DA560055A343 /* Resources */,
			);
			buildRules = (
			);
			dependencies = (
			);
			name = UIViewController;
			productName = UIViewController;
			productReference = B25147E220D4DA560055A343 /* UIViewController.app */;
			productType = "com.apple.product-type.application";
		};
/* End PBXNativeTarget section */

/* Begin PBXProject section */
		B25147DA20D4DA560055A343 /* Project object */ = {
			isa = PBXProject;
			attributes = {
				LastUpgradeCheck = 0940;
				ORGANIZATIONNAME = space;
				TargetAttributes = {
					B25147E120D4DA560055A343 = {
						CreatedOnToolsVersion = 9.4;
					};
				};
			};
			buildConfigurationList = B25147DD20D4DA560055A343 /* Build configuration list for PBXProject "UIViewController" */;
			compatibilityVersion = "Xcode 9.3";
			developmentRegion = en;
			hasScannedForEncodings = 0;
			knownRegions = (
				en,
				Base,
			);
			mainGroup = B25147D920D4DA560055A343;
			productRefGroup = B25147E320D4DA560055A343 /* Products */;
			projectDirPath = "";
			projectRoot = "";
			targets = (
				B25147E120D4DA560055A343 /* UIViewController */,
			);
		};
/* End PBXProject section */

/* Begin PBXResourcesBuildPhase section */
		B25147E020D4DA560055A343 /* Resources */ = {
			isa = PBXResourcesBuildPhase;
			buildActionMask = 2147483647;
			files = (
				B25147F220D4DA570055A343 /* LaunchScreen.storyboard in Resources */,
				B25147EF20D4DA570055A343 /* Assets.xcassets in Resources */,
				B25147ED20D4DA560055A343 /* Main.storyboard in Resources */,
			);
			runOnlyForDeploymentPostprocessing = 0;
		};
/* End PBXResourcesBuildPhase section */

/* Begin PBXSourcesBuildPhase section */
		B25147DE20D4DA560055A343 /* Sources */ = {
			isa = PBXSourcesBuildPhase;
			buildActionMask = 2147483647;
			files = (
				B25147EA20D4DA560055A343 /* ViewController.m in Sources */,
				B25147F520D4DA570055A343 /* main.m in Sources */,
				B25147E720D4DA560055A343 /* AppDelegate.m in Sources */,
				B25147FD20D4EFE70055A343 /* NewViewController.m in Sources */,
			);
			runOnlyForDeploymentPostprocessing = 0;
		};
/* End PBXSourcesBuildPhase section */

/* Begin PBXVariantGroup section */
		B25147EB20D4DA560055A343 /* Main.storyboard */ = {
			isa = PBXVariantGroup;
			children = (
				B25147EC20D4DA560055A343 /* Base */,
			);
			name = Main.storyboard;
			sourceTree = "<group>";
		};
		B25147F020D4DA570055A343 /* LaunchScreen.storyboard */ = {
			isa = PBXVariantGroup;
			children = (
				B25147F120D4DA570055A343 /* Base */,
			);
			name = LaunchScreen.storyboard;
			sourceTree = "<group>";
		};
/* End PBXVariantGroup section */

/* Begin XCBuildConfiguration section */
		B25147F620D4DA570055A343 /* Debug */ = {
			isa = XCBuildConfiguration;
			buildSettings = {
				ALWAYS_SEARCH_USER_PATHS = NO;
				CLANG_ANALYZER_NONNULL = YES;
				CLANG_ANALYZER_NUMBER_OBJECT_CONVERSION = YES_AGGRESSIVE;
				CLANG_CXX_LANGUAGE_STANDARD = "gnu++14";
				CLANG_CXX_LIBRARY = "libc++";
				CLANG_ENABLE_MODULES = YES;
				CLANG_ENABLE_OBJC_ARC = YES;
				CLANG_ENABLE_OBJC_WEAK = YES;
				CLANG_WARN_BLOCK_CAPTURE_AUTORELEASING = YES;
				CLANG_WARN_BOOL_CONVERSION = YES;
				CLANG_WARN_COMMA = YES;
				CLANG_WARN_CONSTANT_CONVERSION = YES;
				CLANG_WARN_DEPRECATED_OBJC_IMPLEMENTATIONS = YES;
				CLANG_WARN_DIRECT_OBJC_ISA_USAGE = YES_ERROR;
				CLANG_WARN_DOCUMENTATION_COMMENTS = YES;
				CLANG_WARN_EMPTY_BODY = YES;
				CLANG_WARN_ENUM_CONVERSION = YES;
				CLANG_WARN_INFINITE_RECURSION = YES;
				CLANG_WARN_INT_CONVERSION = YES;
				CLANG_WARN_NON_LITERAL_NULL_CONVERSION = YES;
				CLANG_WARN_OBJC_IMPLICIT_RETAIN_SELF = YES;
				CLANG_WARN_OBJC_LITERAL_CONVERSION = YES;
				CLANG_WARN_OBJC_ROOT_CLASS = YES_ERROR;
				CLANG_WARN_RANGE_LOOP_ANALYSIS = YES;
				CLANG_WARN_STRICT_PROTOTYPES = YES;
				CLANG_WARN_SUSPICIOUS_MOVE = YES;
				CLANG_WARN_UNGUARDED_AVAILABILITY = YES_AGGRESSIVE;
				CLANG_WARN_UNREACHABLE_CODE = YES;
				CLANG_WARN__DUPLICATE_METHOD_MATCH = YES;
				CODE_SIGN_IDENTITY = "iPhone Developer";
				COPY_PHASE_STRIP = NO;
				DEBUG_INFORMATION_FORMAT = dwarf;
				ENABLE_STRICT_OBJC_MSGSEND = YES;
				ENABLE_TESTABILITY = YES;
				GCC_C_LANGUAGE_STANDARD = gnu11;
				GCC_DYNAMIC_NO_PIC = NO;
				GCC_NO_COMMON_BLOCKS = YES;
				GCC_OPTIMIZATION_LEVEL = 0;
				GCC_PREPROCESSOR_DEFINITIONS = (
					"DEBUG=1",
					"$(inherited)",
				);
				GCC_WARN_64_TO_32_BIT_CONVERSION = YES;
				GCC_WARN_ABOUT_RETURN_TYPE = YES_ERROR;
				GCC_WARN_UNDECLARED_SELECTOR = YES;
				GCC_WARN_UNINITIALIZED_AUTOS = YES_AGGRESSIVE;
				GCC_WARN_UNUSED_FUNCTION = YES;
				GCC_WARN_UNUSED_VARIABLE = YES;
				IPHONEOS_DEPLOYMENT_TARGET = 11.4;
				MTL_ENABLE_DEBUG_INFO = YES;
				ONLY_ACTIVE_ARCH = YES;
				SDKROOT = iphoneos;
			};
			name = Debug;
		};
		B25147F720D4DA570055A343 /* Release */ = {
			isa = XCBuildConfiguration;
			buildSettings = {
				ALWAYS_SEARCH_USER_PATHS = NO;
				CLANG_ANALYZER_NONNULL = YES;
				CLANG_ANALYZER_NUMBER_OBJECT_CONVERSION = YES_AGGRESSIVE;
				CLANG_CXX_LANGUAGE_STANDARD = "gnu++14";
				CLANG_CXX_LIBRARY = "libc++";
				CLANG_ENABLE_MODULES = YES;
				CLANG_ENABLE_OBJC_ARC = YES;
				CLANG_ENABLE_OBJC_WEAK = YES;
				CLANG_WARN_BLOCK_CAPTURE_AUTORELEASING = YES;
				CLANG_WARN_BOOL_CONVERSION = YES;
				CLANG_WARN_COMMA = YES;
				CLANG_WARN_CONSTANT_CONVERSION = YES;
				CLANG_WARN_DEPRECATED_OBJC_IMPLEMENTATIONS = YES;
				CLANG_WARN_DIRECT_OBJC_ISA_USAGE = YES_ERROR;
				CLANG_WARN_DOCUMENTATION_COMMENTS = YES;
				CLANG_WARN_EMPTY_BODY = YES;
				CLANG_WARN_ENUM_CONVERSION = YES;
				CLANG_WARN_INFINITE_RECURSION = YES;
				CLANG_WARN_INT_CONVERSION = YES;
				CLANG_WARN_NON_LITERAL_NULL_CONVERSION = YES;
				CLANG_WARN_OBJC_IMPLICIT_RETAIN_SELF = YES;
				CLANG_WARN_OBJC_LITERAL_CONVERSION = YES;
				CLANG_WARN_OBJC_ROOT_CLASS = YES_ERROR;
				CLANG_WARN_RANGE_LOOP_ANALYSIS = YES;
				CLANG_WARN_STRICT_PROTOTYPES = YES;
				CLANG_WARN_SUSPICIOUS_MOVE = YES;
				CLANG_WARN_UNGUARDED_AVAILABILITY = YES_AGGRESSIVE;
				CLANG_WARN_UNREACHABLE_CODE = YES;
				CLANG_WARN__DUPLICATE_METHOD_MATCH = YES;
				CODE_SIGN_IDENTITY = "iPhone Developer";
				COPY_PHASE_STRIP = NO;
				DEBUG_INFORMATION_FORMAT = "dwarf-with-dsym";
				ENABLE_NS_ASSERTIONS = NO;
				ENABLE_STRICT_OBJC_MSGSEND = YES;
				GCC_C_LANGUAGE_STANDARD = gnu11;
				GCC_NO_COMMON_BLOCKS = YES;
				GCC_WARN_64_TO_32_BIT_CONVERSION = YES;
				GCC_WARN_ABOUT_RETURN_TYPE = YES_ERROR;
				GCC_WARN_UNDECLARED_SELECTOR = YES;
				GCC_WARN_UNINITIALIZED_AUTOS = YES_AGGRESSIVE;
				GCC_WARN_UNUSED_FUNCTION = YES;
				GCC_WARN_UNUSED_VARIABLE = YES;
				IPHONEOS_DEPLOYMENT_TARGET = 11.4;
				MTL_ENABLE_DEBUG_INFO = NO;
				SDKROOT = iphoneos;
				VALIDATE_PRODUCT = YES;
			};
			name = Release;
		};
		B25147F920D4DA570055A343 /* Debug */ = {
			isa = XCBuildConfiguration;
			buildSettings = {
				ASSETCATALOG_COMPILER_APPICON_NAME = AppIcon;
				CODE_SIGN_STYLE = Automatic;
				INFOPLIST_FILE = UIViewController/Info.plist;
				LD_RUNPATH_SEARCH_PATHS = (
					"$(inherited)",
					"@executable_path/Frameworks",
				);
				PRODUCT_BUNDLE_IDENTIFIER = space.UIViewController;
				PRODUCT_NAME = "$(TARGET_NAME)";
				TARGETED_DEVICE_FAMILY = "1,2";
			};
			name = Debug;
		};
		B25147FA20D4DA570055A343 /* Release */ = {
			isa = XCBuildConfiguration;
			buildSettings = {
				ASSETCATALOG_COMPILER_APPICON_NAME = AppIcon;
				CODE_SIGN_STYLE = Automatic;
				INFOPLIST_FILE = UIViewController/Info.plist;
				LD_RUNPATH_SEARCH_PATHS = (
					"$(inherited)",
					"@executable_path/Frameworks",
				);
				PRODUCT_BUNDLE_IDENTIFIER = space.UIViewController;
				PRODUCT_NAME = "$(TARGET_NAME)";
				TARGETED_DEVICE_FAMILY = "1,2";
			};
			name = Release;
		};
/* End XCBuildConfiguration section */

/* Begin XCConfigurationList section */
		B25147DD20D4DA560055A343 /* Build configuration list for PBXProject "UIViewController" */ = {
			isa = XCConfigurationList;
			buildConfigurations = (
				B25147F620D4DA570055A343 /* Debug */,
				B25147F720D4DA570055A343 /* Release */,
			);
			defaultConfigurationIsVisible = 0;
			defaultConfigurationName = Release;
		};
		B25147F820D4DA570055A343 /* Build configuration list for PBXNativeTarget "UIViewController" */ = {
			isa = XCConfigurationList;
			buildConfigurations = (
				B25147F920D4DA570055A343 /* Debug */,
				B25147FA20D4DA570055A343 /* Release */,
			);
			defaultConfigurationIsVisible = 0;
			defaultConfigurationName = Release;
		};
/* End XCConfigurationList section */
	};
	rootObject = B25147DA20D4DA560055A343 /* Project object */;
}
