// !$*UTF8*$!
{
	archiveVersion = 1;
	classes = {
	};
	objectVersion = 50;
	objects = {

/* Begin PBXBuildFile section */
		B2B248D720C021A000C23AB8 /* AppDelegate.m in Sources */ = {isa = PBXBuildFile; fileRef = B2B248D620C021A000C23AB8 /* AppDelegate.m */; };
		B2B248DA20C021A000C23AB8 /* ViewController.m in Sources */ = {isa = PBXBuildFile; fileRef = B2B248D920C021A000C23AB8 /* ViewController.m */; };
		B2B248DD20C021A000C23AB8 /* Main.storyboard in Resources */ = {isa = PBXBuildFile; fileRef = B2B248DB20C021A000C23AB8 /* Main.storyboard */; };
		B2B248DF20C021A100C23AB8 /* Assets.xcassets in Resources */ = {isa = PBXBuildFile; fileRef = B2B248DE20C021A100C23AB8 /* Assets.xcassets */; };
		B2B248E220C021A100C23AB8 /* LaunchScreen.storyboard in Resources */ = {isa = PBXBuildFile; fileRef = B2B248E020C021A100C23AB8 /* LaunchScreen.storyboard */; };
		B2B248E520C021A100C23AB8 /* main.m in Sources */ = {isa = PBXBuildFile; fileRef = B2B248E420C021A100C23AB8 /* main.m */; };
		B2B248ED20C02EC100C23AB8 /* MyViewToAlertView.m in Sources */ = {isa = PBXBuildFile; fileRef = B2B248EC20C02EC100C23AB8 /* MyViewToAlertView.m */; };
/* End PBXBuildFile section */

/* Begin PBXFileReference section */
		B2B248D220C021A000C23AB8 /* UIAlertView.app */ = {isa = PBXFileReference; explicitFileType = wrapper.application; includeInIndex = 0; path = UIAlertView.app; sourceTree = BUILT_PRODUCTS_DIR; };
		B2B248D520C021A000C23AB8 /* AppDelegate.h */ = {isa = PBXFileReference; lastKnownFileType = sourcecode.c.h; path = AppDelegate.h; sourceTree = "<group>"; };
		B2B248D620C021A000C23AB8 /* AppDelegate.m */ = {isa = PBXFileReference; lastKnownFileType = sourcecode.c.objc; path = AppDelegate.m; sourceTree = "<group>"; };
		B2B248D820C021A000C23AB8 /* ViewController.h */ = {isa = PBXFileReference; lastKnownFileType = sourcecode.c.h; path = ViewController.h; sourceTree = "<group>"; };
		B2B248D920C021A000C23AB8 /* ViewController.m */ = {isa = PBXFileReference; lastKnownFileType = sourcecode.c.objc; path = ViewController.m; sourceTree = "<group>"; };
		B2B248DC20C021A000C23AB8 /* Base */ = {isa = PBXFileReference; lastKnownFileType = file.storyboard; name = Base; path = Base.lproj/Main.storyboard; sourceTree = "<group>"; };
		B2B248DE20C021A100C23AB8 /* Assets.xcassets */ = {isa = PBXFileReference; lastKnownFileType = folder.assetcatalog; path = Assets.xcassets; sourceTree = "<group>"; };
		B2B248E120C021A100C23AB8 /* Base */ = {isa = PBXFileReference; lastKnownFileType = file.storyboard; name = Base; path = Base.lproj/LaunchScreen.storyboard; sourceTree = "<group>"; };
		B2B248E320C021A100C23AB8 /* Info.plist */ = {isa = PBXFileReference; lastKnownFileType = text.plist.xml; path = Info.plist; sourceTree = "<group>"; };
		B2B248E420C021A100C23AB8 /* main.m */ = {isa = PBXFileReference; lastKnownFileType = sourcecode.c.objc; path = main.m; sourceTree = "<group>"; };
		B2B248EB20C02EC100C23AB8 /* MyViewToAlertView.h */ = {isa = PBXFileReference; lastKnownFileType = sourcecode.c.h; path = MyViewToAlertView.h; sourceTree = "<group>"; };
		B2B248EC20C02EC100C23AB8 /* MyViewToAlertView.m */ = {isa = PBXFileReference; lastKnownFileType = sourcecode.c.objc; path = MyViewToAlertView.m; sourceTree = "<group>"; };
/* End PBXFileReference section */

/* Begin PBXFrameworksBuildPhase section */
		B2B248CF20C021A000C23AB8 /* Frameworks */ = {
			isa = PBXFrameworksBuildPhase;
			buildActionMask = 2147483647;
			files = (
			);
			runOnlyForDeploymentPostprocessing = 0;
		};
/* End PBXFrameworksBuildPhase section */

/* Begin PBXGroup section */
		B2B248C920C021A000C23AB8 = {
			isa = PBXGroup;
			children = (
				B2B248D420C021A000C23AB8 /* UIAlertView */,
				B2B248D320C021A000C23AB8 /* Products */,
			);
			sourceTree = "<group>";
		};
		B2B248D320C021A000C23AB8 /* Products */ = {
			isa = PBXGroup;
			children = (
				B2B248D220C021A000C23AB8 /* UIAlertView.app */,
			);
			name = Products;
			sourceTree = "<group>";
		};
		B2B248D420C021A000C23AB8 /* UIAlertView */ = {
			isa = PBXGroup;
			children = (
				B2B248D520C021A000C23AB8 /* AppDelegate.h */,
				B2B248D620C021A000C23AB8 /* AppDelegate.m */,
				B2B248D820C021A000C23AB8 /* ViewController.h */,
				B2B248D920C021A000C23AB8 /* ViewController.m */,
				B2B248DB20C021A000C23AB8 /* Main.storyboard */,
				B2B248DE20C021A100C23AB8 /* Assets.xcassets */,
				B2B248E020C021A100C23AB8 /* LaunchScreen.storyboard */,
				B2B248E320C021A100C23AB8 /* Info.plist */,
				B2B248E420C021A100C23AB8 /* main.m */,
				B2B248EB20C02EC100C23AB8 /* MyViewToAlertView.h */,
				B2B248EC20C02EC100C23AB8 /* MyViewToAlertView.m */,
			);
			path = UIAlertView;
			sourceTree = "<group>";
		};
/* End PBXGroup section */

/* Begin PBXNativeTarget section */
		B2B248D120C021A000C23AB8 /* UIAlertView */ = {
			isa = PBXNativeTarget;
			buildConfigurationList = B2B248E820C021A100C23AB8 /* Build configuration list for PBXNativeTarget "UIAlertView" */;
			buildPhases = (
				B2B248CE20C021A000C23AB8 /* Sources */,
				B2B248CF20C021A000C23AB8 /* Frameworks */,
				B2B248D020C021A000C23AB8 /* Resources */,
			);
			buildRules = (
			);
			dependencies = (
			);
			name = UIAlertView;
			productName = UIAlertView;
			productReference = B2B248D220C021A000C23AB8 /* UIAlertView.app */;
			productType = "com.apple.product-type.application";
		};
/* End PBXNativeTarget section */

/* Begin PBXProject section */
		B2B248CA20C021A000C23AB8 /* Project object */ = {
			isa = PBXProject;
			attributes = {
				LastUpgradeCheck = 0930;
				ORGANIZATIONNAME = space;
				TargetAttributes = {
					B2B248D120C021A000C23AB8 = {
						CreatedOnToolsVersion = 9.3.1;
					};
				};
			};
			buildConfigurationList = B2B248CD20C021A000C23AB8 /* Build configuration list for PBXProject "UIAlertView" */;
			compatibilityVersion = "Xcode 9.3";
			developmentRegion = en;
			hasScannedForEncodings = 0;
			knownRegions = (
				en,
				Base,
			);
			mainGroup = B2B248C920C021A000C23AB8;
			productRefGroup = B2B248D320C021A000C23AB8 /* Products */;
			projectDirPath = "";
			projectRoot = "";
			targets = (
				B2B248D120C021A000C23AB8 /* UIAlertView */,
			);
		};
/* End PBXProject section */

/* Begin PBXResourcesBuildPhase section */
		B2B248D020C021A000C23AB8 /* Resources */ = {
			isa = PBXResourcesBuildPhase;
			buildActionMask = 2147483647;
			files = (
				B2B248E220C021A100C23AB8 /* LaunchScreen.storyboard in Resources */,
				B2B248DF20C021A100C23AB8 /* Assets.xcassets in Resources */,
				B2B248DD20C021A000C23AB8 /* Main.storyboard in Resources */,
			);
			runOnlyForDeploymentPostprocessing = 0;
		};
/* End PBXResourcesBuildPhase section */

/* Begin PBXSourcesBuildPhase section */
		B2B248CE20C021A000C23AB8 /* Sources */ = {
			isa = PBXSourcesBuildPhase;
			buildActionMask = 2147483647;
			files = (
				B2B248DA20C021A000C23AB8 /* ViewController.m in Sources */,
				B2B248ED20C02EC100C23AB8 /* MyViewToAlertView.m in Sources */,
				B2B248E520C021A100C23AB8 /* main.m in Sources */,
				B2B248D720C021A000C23AB8 /* AppDelegate.m in Sources */,
			);
			runOnlyForDeploymentPostprocessing = 0;
		};
/* End PBXSourcesBuildPhase section */

/* Begin PBXVariantGroup section */
		B2B248DB20C021A000C23AB8 /* Main.storyboard */ = {
			isa = PBXVariantGroup;
			children = (
				B2B248DC20C021A000C23AB8 /* Base */,
			);
			name = Main.storyboard;
			sourceTree = "<group>";
		};
		B2B248E020C021A100C23AB8 /* LaunchScreen.storyboard */ = {
			isa = PBXVariantGroup;
			children = (
				B2B248E120C021A100C23AB8 /* Base */,
			);
			name = LaunchScreen.storyboard;
			sourceTree = "<group>";
		};
/* End PBXVariantGroup section */

/* Begin XCBuildConfiguration section */
		B2B248E620C021A100C23AB8 /* Debug */ = {
			isa = XCBuildConfiguration;
			buildSettings = {
				ALWAYS_SEARCH_USER_PATHS = NO;
				CLANG_ANALYZER_NONNULL = YES;
				CLANG_ANALYZER_NUMBER_OBJECT_CONVERSION = YES_AGGRESSIVE;
				CLANG_CXX_LANGUAGE_STANDARD = "gnu++14";
				CLANG_CXX_LIBRARY = "libc++";
				CLANG_ENABLE_MODULES = YES;
				CLANG_ENABLE_OBJC_ARC = YES;
				CLANG_ENABLE_OBJC_WEAK = YES;
				CLANG_WARN_BLOCK_CAPTURE_AUTORELEASING = YES;
				CLANG_WARN_BOOL_CONVERSION = YES;
				CLANG_WARN_COMMA = YES;
				CLANG_WARN_CONSTANT_CONVERSION = YES;
				CLANG_WARN_DEPRECATED_OBJC_IMPLEMENTATIONS = YES;
				CLANG_WARN_DIRECT_OBJC_ISA_USAGE = YES_ERROR;
				CLANG_WARN_DOCUMENTATION_COMMENTS = YES;
				CLANG_WARN_EMPTY_BODY = YES;
				CLANG_WARN_ENUM_CONVERSION = YES;
				CLANG_WARN_INFINITE_RECURSION = YES;
				CLANG_WARN_INT_CONVERSION = YES;
				CLANG_WARN_NON_LITERAL_NULL_CONVERSION = YES;
				CLANG_WARN_OBJC_IMPLICIT_RETAIN_SELF = YES;
				CLANG_WARN_OBJC_LITERAL_CONVERSION = YES;
				CLANG_WARN_OBJC_ROOT_CLASS = YES_ERROR;
				CLANG_WARN_RANGE_LOOP_ANALYSIS = YES;
				CLANG_WARN_STRICT_PROTOTYPES = YES;
				CLANG_WARN_SUSPICIOUS_MOVE = YES;
				CLANG_WARN_UNGUARDED_AVAILABILITY = YES_AGGRESSIVE;
				CLANG_WARN_UNREACHABLE_CODE = YES;
				CLANG_WARN__DUPLICATE_METHOD_MATCH = YES;
				CODE_SIGN_IDENTITY = "iPhone Developer";
				COPY_PHASE_STRIP = NO;
				DEBUG_INFORMATION_FORMAT = dwarf;
				ENABLE_STRICT_OBJC_MSGSEND = YES;
				ENABLE_TESTABILITY = YES;
				GCC_C_LANGUAGE_STANDARD = gnu11;
				GCC_DYNAMIC_NO_PIC = NO;
				GCC_NO_COMMON_BLOCKS = YES;
				GCC_OPTIMIZATION_LEVEL = 0;
				GCC_PREPROCESSOR_DEFINITIONS = (
					"DEBUG=1",
					"$(inherited)",
				);
				GCC_WARN_64_TO_32_BIT_CONVERSION = YES;
				GCC_WARN_ABOUT_RETURN_TYPE = YES_ERROR;
				GCC_WARN_UNDECLARED_SELECTOR = YES;
				GCC_WARN_UNINITIALIZED_AUTOS = YES_AGGRESSIVE;
				GCC_WARN_UNUSED_FUNCTION = YES;
				GCC_WARN_UNUSED_VARIABLE = YES;
				IPHONEOS_DEPLOYMENT_TARGET = 11.3;
				MTL_ENABLE_DEBUG_INFO = YES;
				ONLY_ACTIVE_ARCH = YES;
				SDKROOT = iphoneos;
			};
			name = Debug;
		};
		B2B248E720C021A100C23AB8 /* Release */ = {
			isa = XCBuildConfiguration;
			buildSettings = {
				ALWAYS_SEARCH_USER_PATHS = NO;
				CLANG_ANALYZER_NONNULL = YES;
				CLANG_ANALYZER_NUMBER_OBJECT_CONVERSION = YES_AGGRESSIVE;
				CLANG_CXX_LANGUAGE_STANDARD = "gnu++14";
				CLANG_CXX_LIBRARY = "libc++";
				CLANG_ENABLE_MODULES = YES;
				CLANG_ENABLE_OBJC_ARC = YES;
				CLANG_ENABLE_OBJC_WEAK = YES;
				CLANG_WARN_BLOCK_CAPTURE_AUTORELEASING = YES;
				CLANG_WARN_BOOL_CONVERSION = YES;
				CLANG_WARN_COMMA = YES;
				CLANG_WARN_CONSTANT_CONVERSION = YES;
				CLANG_WARN_DEPRECATED_OBJC_IMPLEMENTATIONS = YES;
				CLANG_WARN_DIRECT_OBJC_ISA_USAGE = YES_ERROR;
				CLANG_WARN_DOCUMENTATION_COMMENTS = YES;
				CLANG_WARN_EMPTY_BODY = YES;
				CLANG_WARN_ENUM_CONVERSION = YES;
				CLANG_WARN_INFINITE_RECURSION = YES;
				CLANG_WARN_INT_CONVERSION = YES;
				CLANG_WARN_NON_LITERAL_NULL_CONVERSION = YES;
				CLANG_WARN_OBJC_IMPLICIT_RETAIN_SELF = YES;
				CLANG_WARN_OBJC_LITERAL_CONVERSION = YES;
				CLANG_WARN_OBJC_ROOT_CLASS = YES_ERROR;
				CLANG_WARN_RANGE_LOOP_ANALYSIS = YES;
				CLANG_WARN_STRICT_PROTOTYPES = YES;
				CLANG_WARN_SUSPICIOUS_MOVE = YES;
				CLANG_WARN_UNGUARDED_AVAILABILITY = YES_AGGRESSIVE;
				CLANG_WARN_UNREACHABLE_CODE = YES;
				CLANG_WARN__DUPLICATE_METHOD_MATCH = YES;
				CODE_SIGN_IDENTITY = "iPhone Developer";
				COPY_PHASE_STRIP = NO;
				DEBUG_INFORMATION_FORMAT = "dwarf-with-dsym";
				ENABLE_NS_ASSERTIONS = NO;
				ENABLE_STRICT_OBJC_MSGSEND = YES;
				GCC_C_LANGUAGE_STANDARD = gnu11;
				GCC_NO_COMMON_BLOCKS = YES;
				GCC_WARN_64_TO_32_BIT_CONVERSION = YES;
				GCC_WARN_ABOUT_RETURN_TYPE = YES_ERROR;
				GCC_WARN_UNDECLARED_SELECTOR = YES;
				GCC_WARN_UNINITIALIZED_AUTOS = YES_AGGRESSIVE;
				GCC_WARN_UNUSED_FUNCTION = YES;
				GCC_WARN_UNUSED_VARIABLE = YES;
				IPHONEOS_DEPLOYMENT_TARGET = 11.3;
				MTL_ENABLE_DEBUG_INFO = NO;
				SDKROOT = iphoneos;
				VALIDATE_PRODUCT = YES;
			};
			name = Release;
		};
		B2B248E920C021A100C23AB8 /* Debug */ = {
			isa = XCBuildConfiguration;
			buildSettings = {
				ASSETCATALOG_COMPILER_APPICON_NAME = AppIcon;
				CODE_SIGN_STYLE = Automatic;
				INFOPLIST_FILE = UIAlertView/Info.plist;
				LD_RUNPATH_SEARCH_PATHS = (
					"$(inherited)",
					"@executable_path/Frameworks",
				);
				PRODUCT_BUNDLE_IDENTIFIER = space.UIAlertView;
				PRODUCT_NAME = "$(TARGET_NAME)";
				TARGETED_DEVICE_FAMILY = "1,2";
			};
			name = Debug;
		};
		B2B248EA20C021A100C23AB8 /* Release */ = {
			isa = XCBuildConfiguration;
			buildSettings = {
				ASSETCATALOG_COMPILER_APPICON_NAME = AppIcon;
				CODE_SIGN_STYLE = Automatic;
				INFOPLIST_FILE = UIAlertView/Info.plist;
				LD_RUNPATH_SEARCH_PATHS = (
					"$(inherited)",
					"@executable_path/Frameworks",
				);
				PRODUCT_BUNDLE_IDENTIFIER = space.UIAlertView;
				PRODUCT_NAME = "$(TARGET_NAME)";
				TARGETED_DEVICE_FAMILY = "1,2";
			};
			name = Release;
		};
/* End XCBuildConfiguration section */

/* Begin XCConfigurationList section */
		B2B248CD20C021A000C23AB8 /* Build configuration list for PBXProject "UIAlertView" */ = {
			isa = XCConfigurationList;
			buildConfigurations = (
				B2B248E620C021A100C23AB8 /* Debug */,
				B2B248E720C021A100C23AB8 /* Release */,
			);
			defaultConfigurationIsVisible = 0;
			defaultConfigurationName = Release;
		};
		B2B248E820C021A100C23AB8 /* Build configuration list for PBXNativeTarget "UIAlertView" */ = {
			isa = XCConfigurationList;
			buildConfigurations = (
				B2B248E920C021A100C23AB8 /* Debug */,
				B2B248EA20C021A100C23AB8 /* Release */,
			);
			defaultConfigurationIsVisible = 0;
			defaultConfigurationName = Release;
		};
/* End XCConfigurationList section */
	};
	rootObject = B2B248CA20C021A000C23AB8 /* Project object */;
}
